
Microsoft Visual Studio Solution File, Format Version 12.00
# Visual Studio Version 16
VisualStudioVersion = 16.0.29009.5
MinimumVisualStudioVersion = 10.0.40219.1
Project("{9A19103F-16F7-4668-BE54-9A1E7A4F7556}") = "ApiApiNetCore", "TestApiNetCore\ApiApiNetCore.csproj", "{1C1FCB2C-9F99-49A5-AAEB-08B4C201A11A}"
EndProject
Project("{9A19103F-16F7-4668-BE54-9A1E7A4F7556}") = "ApiDomain", "ApiDomain\ApiDomain.csproj", "{0E937B1A-8242-45E4-8E29-A04396D5B7D4}"
EndProject
Project("{9A19103F-16F7-4668-BE54-9A1E7A4F7556}") = "ApiInfraestructure", "ApiInfraestructure\ApiInfraestructure.csproj", "{7A682703-1AAC-4EB3-BEB5-7307CD873BA8}"
EndProject
Global
	GlobalSection(SolutionConfigurationPlatforms) = preSolution
		Debug|Any CPU = Debug|Any CPU
		Release|Any CPU = Release|Any CPU
	EndGlobalSection
	GlobalSection(ProjectConfigurationPlatforms) = postSolution
		{1C1FCB2C-9F99-49A5-AAEB-08B4C201A11A}.Debug|Any CPU.ActiveCfg = Debug|Any CPU
		{1C1FCB2C-9F99-49A5-AAEB-08B4C201A11A}.Debug|Any CPU.Build.0 = Debug|Any CPU
		{1C1FCB2C-9F99-49A5-AAEB-08B4C201A11A}.Release|Any CPU.ActiveCfg = Release|Any CPU
		{1C1FCB2C-9F99-49A5-AAEB-08B4C201A11A}.Release|Any CPU.Build.0 = Release|Any CPU
		{0E937B1A-8242-45E4-8E29-A04396D5B7D4}.Debug|Any CPU.ActiveCfg = Debug|Any CPU
		{0E937B1A-8242-45E4-8E29-A04396D5B7D4}.Debug|Any CPU.Build.0 = Debug|Any CPU
		{0E937B1A-8242-45E4-8E29-A04396D5B7D4}.Release|Any CPU.ActiveCfg = Release|Any CPU
		{0E937B1A-8242-45E4-8E29-A04396D5B7D4}.Release|Any CPU.Build.0 = Release|Any CPU
		{7A682703-1AAC-4EB3-BEB5-7307CD873BA8}.Debug|Any CPU.ActiveCfg = Debug|Any CPU
		{7A682703-1AAC-4EB3-BEB5-7307CD873BA8}.Debug|Any CPU.Build.0 = Debug|Any CPU
		{7A682703-1AAC-4EB3-BEB5-7307CD873BA8}.Release|Any CPU.ActiveCfg = Release|Any CPU
		{7A682703-1AAC-4EB3-BEB5-7307CD873BA8}.Release|Any CPU.Build.0 = Release|Any CPU
	EndGlobalSection
	GlobalSection(SolutionProperties) = preSolution
		HideSolutionNode = FALSE
	EndGlobalSection
	GlobalSection(ExtensibilityGlobals) = postSolution
		SolutionGuid = {E584BC22-D13A-4CD3-AB72-5F64355BC35B}
	EndGlobalSection
EndGlobal
